// !$*UTF8*$!
{
	archiveVersion = 1;
	classes = {
	};
	objectVersion = 46;
	objects = {

/* Begin PBXBuildFile section */
		1037865D19AE43AE00144139 /* AppDelegate.swift in Sources */ = {isa = PBXBuildFile; fileRef = 1037865C19AE43AE00144139 /* AppDelegate.swift */; };
		1037865F19AE43AE00144139 /* ViewController.swift in Sources */ = {isa = PBXBuildFile; fileRef = 1037865E19AE43AE00144139 /* ViewController.swift */; };
		1037866219AE43AE00144139 /* Main.storyboard in Resources */ = {isa = PBXBuildFile; fileRef = 1037866019AE43AE00144139 /* Main.storyboard */; };
		1037866419AE43AE00144139 /* Images.xcassets in Resources */ = {isa = PBXBuildFile; fileRef = 1037866319AE43AE00144139 /* Images.xcassets */; };
		1037867019AE43AE00144139 /* TipCalculatorTests.swift in Sources */ = {isa = PBXBuildFile; fileRef = 1037866F19AE43AE00144139 /* TipCalculatorTests.swift */; };
/* End PBXBuildFile section */

/* Begin PBXContainerItemProxy section */
		1037866A19AE43AE00144139 /* PBXContainerItemProxy */ = {
			isa = PBXContainerItemProxy;
			containerPortal = 1037864F19AE43AE00144139 /* Project object */;
			proxyType = 1;
			remoteGlobalIDString = 1037865619AE43AE00144139;
			remoteInfo = TipCalculator;
		};
/* End PBXContainerItemProxy section */

/* Begin PBXFileReference section */
		1037865719AE43AE00144139 /* TipCalculator.app */ = {isa = PBXFileReference; explicitFileType = wrapper.application; includeInIndex = 0; path = TipCalculator.app; sourceTree = BUILT_PRODUCTS_DIR; };
		1037865B19AE43AE00144139 /* Info.plist */ = {isa = PBXFileReference; lastKnownFileType = text.plist.xml; path = Info.plist; sourceTree = "<group>"; };
		1037865C19AE43AE00144139 /* AppDelegate.swift */ = {isa = PBXFileReference; lastKnownFileType = sourcecode.swift; path = AppDelegate.swift; sourceTree = "<group>"; };
		1037865E19AE43AE00144139 /* ViewController.swift */ = {isa = PBXFileReference; lastKnownFileType = sourcecode.swift; path = ViewController.swift; sourceTree = "<group>"; };
		1037866119AE43AE00144139 /* Base */ = {isa = PBXFileReference; lastKnownFileType = file.storyboard; name = Base; path = Base.lproj/Main.storyboard; sourceTree = "<group>"; };
		1037866319AE43AE00144139 /* Images.xcassets */ = {isa = PBXFileReference; lastKnownFileType = folder.assetcatalog; path = Images.xcassets; sourceTree = "<group>"; };
		1037866919AE43AE00144139 /* TipCalculatorTests.xctest */ = {isa = PBXFileReference; explicitFileType = wrapper.cfbundle; includeInIndex = 0; path = TipCalculatorTests.xctest; sourceTree = BUILT_PRODUCTS_DIR; };
		1037866E19AE43AE00144139 /* Info.plist */ = {isa = PBXFileReference; lastKnownFileType = text.plist.xml; path = Info.plist; sourceTree = "<group>"; };
		1037866F19AE43AE00144139 /* TipCalculatorTests.swift */ = {isa = PBXFileReference; lastKnownFileType = sourcecode.swift; path = TipCalculatorTests.swift; sourceTree = "<group>"; };
/* End PBXFileReference section */

/* Begin PBXFrameworksBuildPhase section */
		1037865419AE43AE00144139 /* Frameworks */ = {
			isa = PBXFrameworksBuildPhase;
			buildActionMask = 2147483647;
			files = (
			);
			runOnlyForDeploymentPostprocessing = 0;
		};
		1037866619AE43AE00144139 /* Frameworks */ = {
			isa = PBXFrameworksBuildPhase;
			buildActionMask = 2147483647;
			files = (
			);
			runOnlyForDeploymentPostprocessing = 0;
		};
/* End PBXFrameworksBuildPhase section */

/* Begin PBXGroup section */
		1037864E19AE43AE00144139 = {
			isa = PBXGroup;
			children = (
				1037865919AE43AE00144139 /* TipCalculator */,
				1037866C19AE43AE00144139 /* TipCalculatorTests */,
				1037865819AE43AE00144139 /* Products */,
			);
			sourceTree = "<group>";
		};
		1037865819AE43AE00144139 /* Products */ = {
			isa = PBXGroup;
			children = (
				1037865719AE43AE00144139 /* TipCalculator.app */,
				1037866919AE43AE00144139 /* TipCalculatorTests.xctest */,
			);
			name = Products;
			sourceTree = "<group>";
		};
		1037865919AE43AE00144139 /* TipCalculator */ = {
			isa = PBXGroup;
			children = (
				1037865C19AE43AE00144139 /* AppDelegate.swift */,
				1037865E19AE43AE00144139 /* ViewController.swift */,
				1037866019AE43AE00144139 /* Main.storyboard */,
				1037866319AE43AE00144139 /* Images.xcassets */,
				1037865A19AE43AE00144139 /* Supporting Files */,
			);
			path = TipCalculator;
			sourceTree = "<group>";
		};
		1037865A19AE43AE00144139 /* Supporting Files */ = {
			isa = PBXGroup;
			children = (
				1037865B19AE43AE00144139 /* Info.plist */,
			);
			name = "Supporting Files";
			sourceTree = "<group>";
		};
		1037866C19AE43AE00144139 /* TipCalculatorTests */ = {
			isa = PBXGroup;
			children = (
				1037866F19AE43AE00144139 /* TipCalculatorTests.swift */,
				1037866D19AE43AE00144139 /* Supporting Files */,
			);
			path = TipCalculatorTests;
			sourceTree = "<group>";
		};
		1037866D19AE43AE00144139 /* Supporting Files */ = {
			isa = PBXGroup;
			children = (
				1037866E19AE43AE00144139 /* Info.plist */,
			);
			name = "Supporting Files";
			sourceTree = "<group>";
		};
/* End PBXGroup section */

/* Begin PBXNativeTarget section */
		1037865619AE43AE00144139 /* TipCalculator */ = {
			isa = PBXNativeTarget;
			buildConfigurationList = 1037867319AE43AE00144139 /* Build configuration list for PBXNativeTarget "TipCalculator" */;
			buildPhases = (
				1037865319AE43AE00144139 /* Sources */,
				1037865419AE43AE00144139 /* Frameworks */,
				1037865519AE43AE00144139 /* Resources */,
			);
			buildRules = (
			);
			dependencies = (
			);
			name = TipCalculator;
			productName = TipCalculator;
			productReference = 1037865719AE43AE00144139 /* TipCalculator.app */;
			productType = "com.apple.product-type.application";
		};
		1037866819AE43AE00144139 /* TipCalculatorTests */ = {
			isa = PBXNativeTarget;
			buildConfigurationList = 1037867619AE43AE00144139 /* Build configuration list for PBXNativeTarget "TipCalculatorTests" */;
			buildPhases = (
				1037866519AE43AE00144139 /* Sources */,
				1037866619AE43AE00144139 /* Frameworks */,
				1037866719AE43AE00144139 /* Resources */,
			);
			buildRules = (
			);
			dependencies = (
				1037866B19AE43AE00144139 /* PBXTargetDependency */,
			);
			name = TipCalculatorTests;
			productName = TipCalculatorTests;
			productReference = 1037866919AE43AE00144139 /* TipCalculatorTests.xctest */;
			productType = "com.apple.product-type.bundle.unit-test";
		};
/* End PBXNativeTarget section */

/* Begin PBXProject section */
		1037864F19AE43AE00144139 /* Project object */ = {
			isa = PBXProject;
			attributes = {
				LastUpgradeCheck = 0600;
				ORGANIZATIONNAME = Daniel.Chahla;
				TargetAttributes = {
					1037865619AE43AE00144139 = {
						CreatedOnToolsVersion = 6.0;
					};
					1037866819AE43AE00144139 = {
						CreatedOnToolsVersion = 6.0;
						TestTargetID = 1037865619AE43AE00144139;
					};
				};
			};
			buildConfigurationList = 1037865219AE43AE00144139 /* Build configuration list for PBXProject "TipCalculator" */;
			compatibilityVersion = "Xcode 3.2";
			developmentRegion = English;
			hasScannedForEncodings = 0;
			knownRegions = (
				en,
				Base,
			);
			mainGroup = 1037864E19AE43AE00144139;
			productRefGroup = 1037865819AE43AE00144139 /* Products */;
			projectDirPath = "";
			projectRoot = "";
			targets = (
				1037865619AE43AE00144139 /* TipCalculator */,
				1037866819AE43AE00144139 /* TipCalculatorTests */,
			);
		};
/* End PBXProject section */

/* Begin PBXResourcesBuildPhase section */
		1037865519AE43AE00144139 /* Resources */ = {
			isa = PBXResourcesBuildPhase;
			buildActionMask = 2147483647;
			files = (
				1037866219AE43AE00144139 /* Main.storyboard in Resources */,
				1037866419AE43AE00144139 /* Images.xcassets in Resources */,
			);
			runOnlyForDeploymentPostprocessing = 0;
		};
		1037866719AE43AE00144139 /* Resources */ = {
			isa = PBXResourcesBuildPhase;
			buildActionMask = 2147483647;
			files = (
			);
			runOnlyForDeploymentPostprocessing = 0;
		};
/* End PBXResourcesBuildPhase section */

/* Begin PBXSourcesBuildPhase section */
		1037865319AE43AE00144139 /* Sources */ = {
			isa = PBXSourcesBuildPhase;
			buildActionMask = 2147483647;
			files = (
				1037865F19AE43AE00144139 /* ViewController.swift in Sources */,
				1037865D19AE43AE00144139 /* AppDelegate.swift in Sources */,
			);
			runOnlyForDeploymentPostprocessing = 0;
		};
		1037866519AE43AE00144139 /* Sources */ = {
			isa = PBXSourcesBuildPhase;
			buildActionMask = 2147483647;
			files = (
				1037867019AE43AE00144139 /* TipCalculatorTests.swift in Sources */,
			);
			runOnlyForDeploymentPostprocessing = 0;
		};
/* End PBXSourcesBuildPhase section */

/* Begin PBXTargetDependency section */
		1037866B19AE43AE00144139 /* PBXTargetDependency */ = {
			isa = PBXTargetDependency;
			target = 1037865619AE43AE00144139 /* TipCalculator */;
			targetProxy = 1037866A19AE43AE00144139 /* PBXContainerItemProxy */;
		};
/* End PBXTargetDependency section */

/* Begin PBXVariantGroup section */
		1037866019AE43AE00144139 /* Main.storyboard */ = {
			isa = PBXVariantGroup;
			children = (
				1037866119AE43AE00144139 /* Base */,
			);
			name = Main.storyboard;
			sourceTree = "<group>";
		};
/* End PBXVariantGroup section */

/* Begin XCBuildConfiguration section */
		1037867119AE43AE00144139 /* Debug */ = {
			isa = XCBuildConfiguration;
			buildSettings = {
				ALWAYS_SEARCH_USER_PATHS = NO;
				CLANG_CXX_LANGUAGE_STANDARD = "gnu++0x";
				CLANG_CXX_LIBRARY = "libc++";
				CLANG_ENABLE_MODULES = YES;
				CLANG_ENABLE_OBJC_ARC = YES;
				CLANG_WARN_BOOL_CONVERSION = YES;
				CLANG_WARN_CONSTANT_CONVERSION = YES;
				CLANG_WARN_DIRECT_OBJC_ISA_USAGE = YES_ERROR;
				CLANG_WARN_EMPTY_BODY = YES;
				CLANG_WARN_ENUM_CONVERSION = YES;
				CLANG_WARN_INT_CONVERSION = YES;
				CLANG_WARN_OBJC_ROOT_CLASS = YES_ERROR;
				CLANG_WARN_UNREACHABLE_CODE = YES;
				CLANG_WARN__DUPLICATE_METHOD_MATCH = YES;
				"CODE_SIGN_IDENTITY[sdk=iphoneos*]" = "iPhone Developer";
				COPY_PHASE_STRIP = NO;
				ENABLE_STRICT_OBJC_MSGSEND = YES;
				GCC_C_LANGUAGE_STANDARD = gnu99;
				GCC_DYNAMIC_NO_PIC = NO;
				GCC_OPTIMIZATION_LEVEL = 0;
				GCC_PREPROCESSOR_DEFINITIONS = (
					"DEBUG=1",
					"$(inherited)",
				);
				GCC_SYMBOLS_PRIVATE_EXTERN = NO;
				GCC_WARN_64_TO_32_BIT_CONVERSION = YES;
				GCC_WARN_ABOUT_RETURN_TYPE = YES_ERROR;
				GCC_WARN_UNDECLARED_SELECTOR = YES;
				GCC_WARN_UNINITIALIZED_AUTOS = YES_AGGRESSIVE;
				GCC_WARN_UNUSED_FUNCTION = YES;
				GCC_WARN_UNUSED_VARIABLE = YES;
				IPHONEOS_DEPLOYMENT_TARGET = 8.0;
				MTL_ENABLE_DEBUG_INFO = YES;
				ONLY_ACTIVE_ARCH = YES;
				SDKROOT = iphoneos;
				SWIFT_OPTIMIZATION_LEVEL = "-Onone";
			};
			name = Debug;
		};
		1037867219AE43AE00144139 /* Release */ = {
			isa = XCBuildConfiguration;
			buildSettings = {
				ALWAYS_SEARCH_USER_PATHS = NO;
				CLANG_CXX_LANGUAGE_STANDARD = "gnu++0x";
				CLANG_CXX_LIBRARY = "libc++";
				CLANG_ENABLE_MODULES = YES;
				CLANG_ENABLE_OBJC_ARC = YES;
				CLANG_WARN_BOOL_CONVERSION = YES;
				CLANG_WARN_CONSTANT_CONVERSION = YES;
				CLANG_WARN_DIRECT_OBJC_ISA_USAGE = YES_ERROR;
				CLANG_WARN_EMPTY_BODY = YES;
				CLANG_WARN_ENUM_CONVERSION = YES;
				CLANG_WARN_INT_CONVERSION = YES;
				CLANG_WARN_OBJC_ROOT_CLASS = YES_ERROR;
				CLANG_WARN_UNREACHABLE_CODE = YES;
				CLANG_WARN__DUPLICATE_METHOD_MATCH = YES;
				"CODE_SIGN_IDENTITY[sdk=iphoneos*]" = "iPhone Developer";
				COPY_PHASE_STRIP = YES;
				ENABLE_NS_ASSERTIONS = NO;
				ENABLE_STRICT_OBJC_MSGSEND = YES;
				GCC_C_LANGUAGE_STANDARD = gnu99;
				GCC_WARN_64_TO_32_BIT_CONVERSION = YES;
				GCC_WARN_ABOUT_RETURN_TYPE = YES_ERROR;
				GCC_WARN_UNDECLARED_SELECTOR = YES;
				GCC_WARN_UNINITIALIZED_AUTOS = YES_AGGRESSIVE;
				GCC_WARN_UNUSED_FUNCTION = YES;
				GCC_WARN_UNUSED_VARIABLE = YES;
				IPHONEOS_DEPLOYMENT_TARGET = 8.0;
				MTL_ENABLE_DEBUG_INFO = NO;
				SDKROOT = iphoneos;
				VALIDATE_PRODUCT = YES;
			};
			name = Release;
		};
		1037867419AE43AE00144139 /* Debug */ = {
			isa = XCBuildConfiguration;
			buildSettings = {
				ASSETCATALOG_COMPILER_APPICON_NAME = AppIcon;
				ASSETCATALOG_COMPILER_LAUNCHIMAGE_NAME = LaunchImage;
				INFOPLIST_FILE = TipCalculator/Info.plist;
				LD_RUNPATH_SEARCH_PATHS = "$(inherited) @executable_path/Frameworks";
				PRODUCT_NAME = "$(TARGET_NAME)";
			};
			name = Debug;
		};
		1037867519AE43AE00144139 /* Release */ = {
			isa = XCBuildConfiguration;
			buildSettings = {
				ASSETCATALOG_COMPILER_APPICON_NAME = AppIcon;
				ASSETCATALOG_COMPILER_LAUNCHIMAGE_NAME = LaunchImage;
				INFOPLIST_FILE = TipCalculator/Info.plist;
				LD_RUNPATH_SEARCH_PATHS = "$(inherited) @executable_path/Frameworks";
				PRODUCT_NAME = "$(TARGET_NAME)";
			};
			name = Release;
		};
		1037867719AE43AE00144139 /* Debug */ = {
			isa = XCBuildConfiguration;
			buildSettings = {
				BUNDLE_LOADER = "$(BUILT_PRODUCTS_DIR)/TipCalculator.app/TipCalculator";
				FRAMEWORK_SEARCH_PATHS = (
					"$(SDKROOT)/Developer/Library/Frameworks",
					"$(inherited)",
				);
				GCC_PREPROCESSOR_DEFINITIONS = (
					"DEBUG=1",
					"$(inherited)",
				);
				INFOPLIST_FILE = TipCalculatorTests/Info.plist;
				LD_RUNPATH_SEARCH_PATHS = "$(inherited) @executable_path/Frameworks @loader_path/Frameworks";
				PRODUCT_NAME = "$(TARGET_NAME)";
				TEST_HOST = "$(BUNDLE_LOADER)";
			};
			name = Debug;
		};
		1037867819AE43AE00144139 /* Release */ = {
			isa = XCBuildConfiguration;
			buildSettings = {
				BUNDLE_LOADER = "$(BUILT_PRODUCTS_DIR)/TipCalculator.app/TipCalculator";
				FRAMEWORK_SEARCH_PATHS = (
					"$(SDKROOT)/Developer/Library/Frameworks",
					"$(inherited)",
				);
				INFOPLIST_FILE = TipCalculatorTests/Info.plist;
				LD_RUNPATH_SEARCH_PATHS = "$(inherited) @executable_path/Frameworks @loader_path/Frameworks";
				PRODUCT_NAME = "$(TARGET_NAME)";
				TEST_HOST = "$(BUNDLE_LOADER)";
			};
			name = Release;
		};
/* End XCBuildConfiguration section */

/* Begin XCConfigurationList section */
		1037865219AE43AE00144139 /* Build configuration list for PBXProject "TipCalculator" */ = {
			isa = XCConfigurationList;
			buildConfigurations = (
				1037867119AE43AE00144139 /* Debug */,
				1037867219AE43AE00144139 /* Release */,
			);
			defaultConfigurationIsVisible = 0;
			defaultConfigurationName = Release;
		};
		1037867319AE43AE00144139 /* Build configuration list for PBXNativeTarget "TipCalculator" */ = {
			isa = XCConfigurationList;
			buildConfigurations = (
				1037867419AE43AE00144139 /* Debug */,
				1037867519AE43AE00144139 /* Release */,
			);
			defaultConfigurationIsVisible = 0;
		};
		1037867619AE43AE00144139 /* Build configuration list for PBXNativeTarget "TipCalculatorTests" */ = {
			isa = XCConfigurationList;
			buildConfigurations = (
				1037867719AE43AE00144139 /* Debug */,
				1037867819AE43AE00144139 /* Release */,
			);
			defaultConfigurationIsVisible = 0;
		};
/* End XCConfigurationList section */
	};
	rootObject = 1037864F19AE43AE00144139 /* Project object */;
}
